
Microsoft Visual Studio Solution File, Format Version 12.00
# Visual Studio Version 17
VisualStudioVersion = 17.4.33213.308
MinimumVisualStudioVersion = 10.0.40219.1
Project("{FAE04EC0-301F-11D3-BF4B-00C04F79EFBC}") = "Clase1DPWA221114", "Clase1DPWA221114\Clase1DPWA221114.csproj", "{0B667DCB-48B5-4704-B977-846D66BE1CC5}"
EndProject
Global
	GlobalSection(SolutionConfigurationPlatforms) = preSolution
		Debug|Any CPU = Debug|Any CPU
		Release|Any CPU = Release|Any CPU
	EndGlobalSection
	GlobalSection(ProjectConfigurationPlatforms) = postSolution
		{0B667DCB-48B5-4704-B977-846D66BE1CC5}.Debug|Any CPU.ActiveCfg = Debug|Any CPU
		{0B667DCB-48B5-4704-B977-846D66BE1CC5}.Debug|Any CPU.Build.0 = Debug|Any CPU
		{0B667DCB-48B5-4704-B977-846D66BE1CC5}.Release|Any CPU.ActiveCfg = Release|Any CPU
		{0B667DCB-48B5-4704-B977-846D66BE1CC5}.Release|Any CPU.Build.0 = Release|Any CPU
	EndGlobalSection
	GlobalSection(SolutionProperties) = preSolution
		HideSolutionNode = FALSE
	EndGlobalSection
	GlobalSection(ExtensibilityGlobals) = postSolution
		SolutionGuid = {52872BC5-BF95-4A81-A84E-D45E5CC72411}
	EndGlobalSection
EndGlobal
